
Microsoft Visual Studio Solution File, Format Version 12.00
# Visual Studio Version 17
VisualStudioVersion = 17.6.33801.468
MinimumVisualStudioVersion = 10.0.40219.1
Project("{9A19103F-16F7-4668-BE54-9A1E7A4F7556}") = "NamedArguments", "NamedArguments\NamedArguments.csproj", "{54DE0E65-3C85-46F3-92A3-E5AB372D2BAE}"
EndProject
Project("{9A19103F-16F7-4668-BE54-9A1E7A4F7556}") = "OptionalArguments", "OptionalArguments\OptionalArguments.csproj", "{914D04B5-A983-426D-BEEA-159E51C81666}"
EndProject
Project("{9A19103F-16F7-4668-BE54-9A1E7A4F7556}") = "ExtensionMethods", "ExtensionMethods\ExtensionMethods.csproj", "{DDA8A3C7-9ADF-4250-BDB2-465DE80C1724}"
EndProject
Project("{FAE04EC0-301F-11D3-BF4B-00C04F79EFBC}") = "Generics", "Generics\Generics.csproj", "{2F4E87BC-C795-4D8F-BEAE-D2739602DD11}"
EndProject
Global
	GlobalSection(SolutionConfigurationPlatforms) = preSolution
		Debug|Any CPU = Debug|Any CPU
		Release|Any CPU = Release|Any CPU
	EndGlobalSection
	GlobalSection(ProjectConfigurationPlatforms) = postSolution
		{54DE0E65-3C85-46F3-92A3-E5AB372D2BAE}.Debug|Any CPU.ActiveCfg = Debug|Any CPU
		{54DE0E65-3C85-46F3-92A3-E5AB372D2BAE}.Debug|Any CPU.Build.0 = Debug|Any CPU
		{54DE0E65-3C85-46F3-92A3-E5AB372D2BAE}.Release|Any CPU.ActiveCfg = Release|Any CPU
		{54DE0E65-3C85-46F3-92A3-E5AB372D2BAE}.Release|Any CPU.Build.0 = Release|Any CPU
		{914D04B5-A983-426D-BEEA-159E51C81666}.Debug|Any CPU.ActiveCfg = Debug|Any CPU
		{914D04B5-A983-426D-BEEA-159E51C81666}.Debug|Any CPU.Build.0 = Debug|Any CPU
		{914D04B5-A983-426D-BEEA-159E51C81666}.Release|Any CPU.ActiveCfg = Release|Any CPU
		{914D04B5-A983-426D-BEEA-159E51C81666}.Release|Any CPU.Build.0 = Release|Any CPU
		{DDA8A3C7-9ADF-4250-BDB2-465DE80C1724}.Debug|Any CPU.ActiveCfg = Debug|Any CPU
		{DDA8A3C7-9ADF-4250-BDB2-465DE80C1724}.Debug|Any CPU.Build.0 = Debug|Any CPU
		{DDA8A3C7-9ADF-4250-BDB2-465DE80C1724}.Release|Any CPU.ActiveCfg = Release|Any CPU
		{DDA8A3C7-9ADF-4250-BDB2-465DE80C1724}.Release|Any CPU.Build.0 = Release|Any CPU
		{2F4E87BC-C795-4D8F-BEAE-D2739602DD11}.Debug|Any CPU.ActiveCfg = Debug|Any CPU
		{2F4E87BC-C795-4D8F-BEAE-D2739602DD11}.Debug|Any CPU.Build.0 = Debug|Any CPU
		{2F4E87BC-C795-4D8F-BEAE-D2739602DD11}.Release|Any CPU.ActiveCfg = Release|Any CPU
		{2F4E87BC-C795-4D8F-BEAE-D2739602DD11}.Release|Any CPU.Build.0 = Release|Any CPU
	EndGlobalSection
	GlobalSection(SolutionProperties) = preSolution
		HideSolutionNode = FALSE
	EndGlobalSection
	GlobalSection(ExtensibilityGlobals) = postSolution
		SolutionGuid = {A481DD63-076F-4939-ADD4-1421C149BBC2}
	EndGlobalSection
EndGlobal
