
Microsoft Visual Studio Solution File, Format Version 12.00
# Visual Studio Version 17
VisualStudioVersion = 17.5.33530.505
MinimumVisualStudioVersion = 10.0.40219.1
Project("{9A19103F-16F7-4668-BE54-9A1E7A4F7556}") = "ImplicitTyping", "ImplicitTyping\ImplicitTyping.csproj", "{5B22A88D-3F01-401E-BC3A-2ED24C43F784}"
EndProject
Project("{9A19103F-16F7-4668-BE54-9A1E7A4F7556}") = "Const", "Const\Const.csproj", "{7529767B-8D39-467D-A573-CFD2DFE5B94D}"
EndProject
Project("{9A19103F-16F7-4668-BE54-9A1E7A4F7556}") = "Enumerations", "Enumerations\Enumerations.csproj", "{22A113CE-B973-49CE-8970-AA59822B642D}"
EndProject
Project("{FAE04EC0-301F-11D3-BF4B-00C04F79EFBC}") = "SwitchExpressions", "SwitchExpressions\SwitchExpressions.csproj", "{306C2FFA-3C36-4DEC-8E09-3FD793FE7DDA}"
EndProject
Project("{FAE04EC0-301F-11D3-BF4B-00C04F79EFBC}") = "Structs", "Structs\Structs.csproj", "{53FEC4FC-21AA-4F72-AA79-81241F622C32}"
EndProject
Project("{FAE04EC0-301F-11D3-BF4B-00C04F79EFBC}") = "MethodArguments", "MethodArguments\MethodArguments.csproj", "{EF56E216-59E7-4E89-9C01-2A112520032A}"
EndProject
Project("{FAE04EC0-301F-11D3-BF4B-00C04F79EFBC}") = "ExceptionHandling", "ExceptionHandling\ExceptionHandling.csproj", "{2AFF001E-4DD3-412A-9140-3EBA1ACC09B5}"
EndProject
Global
	GlobalSection(SolutionConfigurationPlatforms) = preSolution
		Debug|Any CPU = Debug|Any CPU
		Release|Any CPU = Release|Any CPU
	EndGlobalSection
	GlobalSection(ProjectConfigurationPlatforms) = postSolution
		{5B22A88D-3F01-401E-BC3A-2ED24C43F784}.Debug|Any CPU.ActiveCfg = Debug|Any CPU
		{5B22A88D-3F01-401E-BC3A-2ED24C43F784}.Debug|Any CPU.Build.0 = Debug|Any CPU
		{5B22A88D-3F01-401E-BC3A-2ED24C43F784}.Release|Any CPU.ActiveCfg = Release|Any CPU
		{5B22A88D-3F01-401E-BC3A-2ED24C43F784}.Release|Any CPU.Build.0 = Release|Any CPU
		{7529767B-8D39-467D-A573-CFD2DFE5B94D}.Debug|Any CPU.ActiveCfg = Debug|Any CPU
		{7529767B-8D39-467D-A573-CFD2DFE5B94D}.Debug|Any CPU.Build.0 = Debug|Any CPU
		{7529767B-8D39-467D-A573-CFD2DFE5B94D}.Release|Any CPU.ActiveCfg = Release|Any CPU
		{7529767B-8D39-467D-A573-CFD2DFE5B94D}.Release|Any CPU.Build.0 = Release|Any CPU
		{22A113CE-B973-49CE-8970-AA59822B642D}.Debug|Any CPU.ActiveCfg = Debug|Any CPU
		{22A113CE-B973-49CE-8970-AA59822B642D}.Debug|Any CPU.Build.0 = Debug|Any CPU
		{22A113CE-B973-49CE-8970-AA59822B642D}.Release|Any CPU.ActiveCfg = Release|Any CPU
		{22A113CE-B973-49CE-8970-AA59822B642D}.Release|Any CPU.Build.0 = Release|Any CPU
		{306C2FFA-3C36-4DEC-8E09-3FD793FE7DDA}.Debug|Any CPU.ActiveCfg = Debug|Any CPU
		{306C2FFA-3C36-4DEC-8E09-3FD793FE7DDA}.Debug|Any CPU.Build.0 = Debug|Any CPU
		{306C2FFA-3C36-4DEC-8E09-3FD793FE7DDA}.Release|Any CPU.ActiveCfg = Release|Any CPU
		{306C2FFA-3C36-4DEC-8E09-3FD793FE7DDA}.Release|Any CPU.Build.0 = Release|Any CPU
		{53FEC4FC-21AA-4F72-AA79-81241F622C32}.Debug|Any CPU.ActiveCfg = Debug|Any CPU
		{53FEC4FC-21AA-4F72-AA79-81241F622C32}.Debug|Any CPU.Build.0 = Debug|Any CPU
		{53FEC4FC-21AA-4F72-AA79-81241F622C32}.Release|Any CPU.ActiveCfg = Release|Any CPU
		{53FEC4FC-21AA-4F72-AA79-81241F622C32}.Release|Any CPU.Build.0 = Release|Any CPU
		{EF56E216-59E7-4E89-9C01-2A112520032A}.Debug|Any CPU.ActiveCfg = Debug|Any CPU
		{EF56E216-59E7-4E89-9C01-2A112520032A}.Debug|Any CPU.Build.0 = Debug|Any CPU
		{EF56E216-59E7-4E89-9C01-2A112520032A}.Release|Any CPU.ActiveCfg = Release|Any CPU
		{EF56E216-59E7-4E89-9C01-2A112520032A}.Release|Any CPU.Build.0 = Release|Any CPU
		{2AFF001E-4DD3-412A-9140-3EBA1ACC09B5}.Debug|Any CPU.ActiveCfg = Debug|Any CPU
		{2AFF001E-4DD3-412A-9140-3EBA1ACC09B5}.Debug|Any CPU.Build.0 = Debug|Any CPU
		{2AFF001E-4DD3-412A-9140-3EBA1ACC09B5}.Release|Any CPU.ActiveCfg = Release|Any CPU
		{2AFF001E-4DD3-412A-9140-3EBA1ACC09B5}.Release|Any CPU.Build.0 = Release|Any CPU
	EndGlobalSection
	GlobalSection(SolutionProperties) = preSolution
		HideSolutionNode = FALSE
	EndGlobalSection
	GlobalSection(ExtensibilityGlobals) = postSolution
		SolutionGuid = {6684590D-B4A1-46D2-9DD0-FC9854C301AE}
	EndGlobalSection
EndGlobal
