
Microsoft Visual Studio Solution File, Format Version 12.00
# Visual Studio Version 17
VisualStudioVersion = 17.5.33530.505
MinimumVisualStudioVersion = 10.0.40219.1
Project("{9A19103F-16F7-4668-BE54-9A1E7A4F7556}") = "HelloWorld", "HelloWorld\HelloWorld.csproj", "{3A784660-EAED-4F1A-800B-1FBCD7280416}"
EndProject
Project("{9A19103F-16F7-4668-BE54-9A1E7A4F7556}") = "HelloWorldExplicit", "HelloWorldExplicit\HelloWorldExplicit.csproj", "{F2BCA5E8-E9B2-44A4-A27E-9DC02072599A}"
EndProject
Project("{9A19103F-16F7-4668-BE54-9A1E7A4F7556}") = "ProgramArguments", "ProgramArguments\ProgramArguments.csproj", "{E0081EC9-A3F2-456D-B240-A2C81D833E8B}"
EndProject
Project("{9A19103F-16F7-4668-BE54-9A1E7A4F7556}") = "ProgramArgumentsExplicit", "ProgramArgumentsExplicit\ProgramArgumentsExplicit.csproj", "{754A2F5F-1F7D-46D1-B02C-DA41A18B0C9B}"
EndProject
Project("{9A19103F-16F7-4668-BE54-9A1E7A4F7556}") = "ConsoleInput", "ConsoleInput\ConsoleInput.csproj", "{BA58422A-51A9-4300-9471-3D412C82F7F7}"
EndProject
Project("{9A19103F-16F7-4668-BE54-9A1E7A4F7556}") = "ValueTypes", "ValueTypes\ValueTypes.csproj", "{A7880A76-F781-41C5-BCAE-3BAB3D25200F}"
EndProject
Project("{9A19103F-16F7-4668-BE54-9A1E7A4F7556}") = "TypeConversions", "TypeConversions\TypeConversions.csproj", "{10FDD26B-83E9-49FA-9442-9AA00AC6BC60}"
EndProject
Project("{9A19103F-16F7-4668-BE54-9A1E7A4F7556}") = "Strings", "Strings\Strings.csproj", "{EE15AE1D-0299-4F09-85BC-E2EBA1036E5D}"
EndProject
Project("{9A19103F-16F7-4668-BE54-9A1E7A4F7556}") = "StringParsing", "StringParsing\StringParsing.csproj", "{C335AD3A-A5E0-403F-AD27-925A28D38052}"
EndProject
Project("{9A19103F-16F7-4668-BE54-9A1E7A4F7556}") = "DateTime", "DateTime\DateTime.csproj", "{5C709728-5E78-44D8-B57A-425A3FAD347D}"
EndProject
Project("{9A19103F-16F7-4668-BE54-9A1E7A4F7556}") = "Operators", "Operators\Operators.csproj", "{C44BB0BE-11FF-42CC-BA88-B0C9D2D95134}"
EndProject
Project("{FAE04EC0-301F-11D3-BF4B-00C04F79EFBC}") = "Conditionals", "Conditionals\Conditionals.csproj", "{78099AED-2CA4-4878-8729-4340837EF5DC}"
EndProject
Global
	GlobalSection(SolutionConfigurationPlatforms) = preSolution
		Debug|Any CPU = Debug|Any CPU
		Release|Any CPU = Release|Any CPU
	EndGlobalSection
	GlobalSection(ProjectConfigurationPlatforms) = postSolution
		{3A784660-EAED-4F1A-800B-1FBCD7280416}.Debug|Any CPU.ActiveCfg = Debug|Any CPU
		{3A784660-EAED-4F1A-800B-1FBCD7280416}.Debug|Any CPU.Build.0 = Debug|Any CPU
		{3A784660-EAED-4F1A-800B-1FBCD7280416}.Release|Any CPU.ActiveCfg = Release|Any CPU
		{3A784660-EAED-4F1A-800B-1FBCD7280416}.Release|Any CPU.Build.0 = Release|Any CPU
		{F2BCA5E8-E9B2-44A4-A27E-9DC02072599A}.Debug|Any CPU.ActiveCfg = Debug|Any CPU
		{F2BCA5E8-E9B2-44A4-A27E-9DC02072599A}.Debug|Any CPU.Build.0 = Debug|Any CPU
		{F2BCA5E8-E9B2-44A4-A27E-9DC02072599A}.Release|Any CPU.ActiveCfg = Release|Any CPU
		{F2BCA5E8-E9B2-44A4-A27E-9DC02072599A}.Release|Any CPU.Build.0 = Release|Any CPU
		{E0081EC9-A3F2-456D-B240-A2C81D833E8B}.Debug|Any CPU.ActiveCfg = Debug|Any CPU
		{E0081EC9-A3F2-456D-B240-A2C81D833E8B}.Debug|Any CPU.Build.0 = Debug|Any CPU
		{E0081EC9-A3F2-456D-B240-A2C81D833E8B}.Release|Any CPU.ActiveCfg = Release|Any CPU
		{E0081EC9-A3F2-456D-B240-A2C81D833E8B}.Release|Any CPU.Build.0 = Release|Any CPU
		{754A2F5F-1F7D-46D1-B02C-DA41A18B0C9B}.Debug|Any CPU.ActiveCfg = Debug|Any CPU
		{754A2F5F-1F7D-46D1-B02C-DA41A18B0C9B}.Debug|Any CPU.Build.0 = Debug|Any CPU
		{754A2F5F-1F7D-46D1-B02C-DA41A18B0C9B}.Release|Any CPU.ActiveCfg = Release|Any CPU
		{754A2F5F-1F7D-46D1-B02C-DA41A18B0C9B}.Release|Any CPU.Build.0 = Release|Any CPU
		{BA58422A-51A9-4300-9471-3D412C82F7F7}.Debug|Any CPU.ActiveCfg = Debug|Any CPU
		{BA58422A-51A9-4300-9471-3D412C82F7F7}.Debug|Any CPU.Build.0 = Debug|Any CPU
		{BA58422A-51A9-4300-9471-3D412C82F7F7}.Release|Any CPU.ActiveCfg = Release|Any CPU
		{BA58422A-51A9-4300-9471-3D412C82F7F7}.Release|Any CPU.Build.0 = Release|Any CPU
		{A7880A76-F781-41C5-BCAE-3BAB3D25200F}.Debug|Any CPU.ActiveCfg = Debug|Any CPU
		{A7880A76-F781-41C5-BCAE-3BAB3D25200F}.Debug|Any CPU.Build.0 = Debug|Any CPU
		{A7880A76-F781-41C5-BCAE-3BAB3D25200F}.Release|Any CPU.ActiveCfg = Release|Any CPU
		{A7880A76-F781-41C5-BCAE-3BAB3D25200F}.Release|Any CPU.Build.0 = Release|Any CPU
		{10FDD26B-83E9-49FA-9442-9AA00AC6BC60}.Debug|Any CPU.ActiveCfg = Debug|Any CPU
		{10FDD26B-83E9-49FA-9442-9AA00AC6BC60}.Debug|Any CPU.Build.0 = Debug|Any CPU
		{10FDD26B-83E9-49FA-9442-9AA00AC6BC60}.Release|Any CPU.ActiveCfg = Release|Any CPU
		{10FDD26B-83E9-49FA-9442-9AA00AC6BC60}.Release|Any CPU.Build.0 = Release|Any CPU
		{EE15AE1D-0299-4F09-85BC-E2EBA1036E5D}.Debug|Any CPU.ActiveCfg = Debug|Any CPU
		{EE15AE1D-0299-4F09-85BC-E2EBA1036E5D}.Debug|Any CPU.Build.0 = Debug|Any CPU
		{EE15AE1D-0299-4F09-85BC-E2EBA1036E5D}.Release|Any CPU.ActiveCfg = Release|Any CPU
		{EE15AE1D-0299-4F09-85BC-E2EBA1036E5D}.Release|Any CPU.Build.0 = Release|Any CPU
		{C335AD3A-A5E0-403F-AD27-925A28D38052}.Debug|Any CPU.ActiveCfg = Debug|Any CPU
		{C335AD3A-A5E0-403F-AD27-925A28D38052}.Debug|Any CPU.Build.0 = Debug|Any CPU
		{C335AD3A-A5E0-403F-AD27-925A28D38052}.Release|Any CPU.ActiveCfg = Release|Any CPU
		{C335AD3A-A5E0-403F-AD27-925A28D38052}.Release|Any CPU.Build.0 = Release|Any CPU
		{5C709728-5E78-44D8-B57A-425A3FAD347D}.Debug|Any CPU.ActiveCfg = Debug|Any CPU
		{5C709728-5E78-44D8-B57A-425A3FAD347D}.Debug|Any CPU.Build.0 = Debug|Any CPU
		{5C709728-5E78-44D8-B57A-425A3FAD347D}.Release|Any CPU.ActiveCfg = Release|Any CPU
		{5C709728-5E78-44D8-B57A-425A3FAD347D}.Release|Any CPU.Build.0 = Release|Any CPU
		{C44BB0BE-11FF-42CC-BA88-B0C9D2D95134}.Debug|Any CPU.ActiveCfg = Debug|Any CPU
		{C44BB0BE-11FF-42CC-BA88-B0C9D2D95134}.Debug|Any CPU.Build.0 = Debug|Any CPU
		{C44BB0BE-11FF-42CC-BA88-B0C9D2D95134}.Release|Any CPU.ActiveCfg = Release|Any CPU
		{C44BB0BE-11FF-42CC-BA88-B0C9D2D95134}.Release|Any CPU.Build.0 = Release|Any CPU
		{78099AED-2CA4-4878-8729-4340837EF5DC}.Debug|Any CPU.ActiveCfg = Debug|Any CPU
		{78099AED-2CA4-4878-8729-4340837EF5DC}.Debug|Any CPU.Build.0 = Debug|Any CPU
		{78099AED-2CA4-4878-8729-4340837EF5DC}.Release|Any CPU.ActiveCfg = Release|Any CPU
		{78099AED-2CA4-4878-8729-4340837EF5DC}.Release|Any CPU.Build.0 = Release|Any CPU
	EndGlobalSection
	GlobalSection(SolutionProperties) = preSolution
		HideSolutionNode = FALSE
	EndGlobalSection
	GlobalSection(ExtensibilityGlobals) = postSolution
		SolutionGuid = {FB4D5856-9CA5-4FA1-898D-25CFC734B93A}
	EndGlobalSection
EndGlobal
