
Microsoft Visual Studio Solution File, Format Version 12.00
# Visual Studio Version 17
VisualStudioVersion = 17.6.33801.468
MinimumVisualStudioVersion = 10.0.40219.1
Project("{9A19103F-16F7-4668-BE54-9A1E7A4F7556}") = "LinqIntroduction", "LinqIntroduction\LinqIntroduction.csproj", "{946AFFC0-7889-4929-A678-0672ECF04142}"
EndProject
Project("{FAE04EC0-301F-11D3-BF4B-00C04F79EFBC}") = "LinqOrdering", "LinqOrdering\LinqOrdering.csproj", "{4F1B11DE-1F99-4928-BB18-4DF95A686084}"
EndProject
Project("{FAE04EC0-301F-11D3-BF4B-00C04F79EFBC}") = "LinqSelecting", "LinqSelecting\LinqSelecting.csproj", "{93B7A15F-0F55-42F9-BA36-4843DBB64C19}"
EndProject
Project("{FAE04EC0-301F-11D3-BF4B-00C04F79EFBC}") = "LinqGrouping", "LinqGrouping\LinqGrouping.csproj", "{91CC289E-F673-4573-BCE8-654888429D8A}"
EndProject
Global
	GlobalSection(SolutionConfigurationPlatforms) = preSolution
		Debug|Any CPU = Debug|Any CPU
		Release|Any CPU = Release|Any CPU
	EndGlobalSection
	GlobalSection(ProjectConfigurationPlatforms) = postSolution
		{946AFFC0-7889-4929-A678-0672ECF04142}.Debug|Any CPU.ActiveCfg = Debug|Any CPU
		{946AFFC0-7889-4929-A678-0672ECF04142}.Debug|Any CPU.Build.0 = Debug|Any CPU
		{946AFFC0-7889-4929-A678-0672ECF04142}.Release|Any CPU.ActiveCfg = Release|Any CPU
		{946AFFC0-7889-4929-A678-0672ECF04142}.Release|Any CPU.Build.0 = Release|Any CPU
		{4F1B11DE-1F99-4928-BB18-4DF95A686084}.Debug|Any CPU.ActiveCfg = Debug|Any CPU
		{4F1B11DE-1F99-4928-BB18-4DF95A686084}.Debug|Any CPU.Build.0 = Debug|Any CPU
		{4F1B11DE-1F99-4928-BB18-4DF95A686084}.Release|Any CPU.ActiveCfg = Release|Any CPU
		{4F1B11DE-1F99-4928-BB18-4DF95A686084}.Release|Any CPU.Build.0 = Release|Any CPU
		{93B7A15F-0F55-42F9-BA36-4843DBB64C19}.Debug|Any CPU.ActiveCfg = Debug|Any CPU
		{93B7A15F-0F55-42F9-BA36-4843DBB64C19}.Debug|Any CPU.Build.0 = Debug|Any CPU
		{93B7A15F-0F55-42F9-BA36-4843DBB64C19}.Release|Any CPU.ActiveCfg = Release|Any CPU
		{93B7A15F-0F55-42F9-BA36-4843DBB64C19}.Release|Any CPU.Build.0 = Release|Any CPU
		{91CC289E-F673-4573-BCE8-654888429D8A}.Debug|Any CPU.ActiveCfg = Debug|Any CPU
		{91CC289E-F673-4573-BCE8-654888429D8A}.Debug|Any CPU.Build.0 = Debug|Any CPU
		{91CC289E-F673-4573-BCE8-654888429D8A}.Release|Any CPU.ActiveCfg = Release|Any CPU
		{91CC289E-F673-4573-BCE8-654888429D8A}.Release|Any CPU.Build.0 = Release|Any CPU
	EndGlobalSection
	GlobalSection(SolutionProperties) = preSolution
		HideSolutionNode = FALSE
	EndGlobalSection
	GlobalSection(ExtensibilityGlobals) = postSolution
		SolutionGuid = {CA7B2BB0-5B31-4412-8273-4C9ECF5518E5}
	EndGlobalSection
EndGlobal
