
Microsoft Visual Studio Solution File, Format Version 12.00
# Visual Studio Version 17
VisualStudioVersion = 17.6.33801.468
MinimumVisualStudioVersion = 10.0.40219.1
Project("{FAE04EC0-301F-11D3-BF4B-00C04F79EFBC}") = "CalculatorTest", "CalculatorTest\CalculatorTest.csproj", "{13354F68-1D0C-4872-A48A-7F20BFB9516A}"
EndProject
Global
	GlobalSection(SolutionConfigurationPlatforms) = preSolution
		Debug|Any CPU = Debug|Any CPU
		Release|Any CPU = Release|Any CPU
	EndGlobalSection
	GlobalSection(ProjectConfigurationPlatforms) = postSolution
		{13354F68-1D0C-4872-A48A-7F20BFB9516A}.Debug|Any CPU.ActiveCfg = Debug|Any CPU
		{13354F68-1D0C-4872-A48A-7F20BFB9516A}.Debug|Any CPU.Build.0 = Debug|Any CPU
		{13354F68-1D0C-4872-A48A-7F20BFB9516A}.Release|Any CPU.ActiveCfg = Release|Any CPU
		{13354F68-1D0C-4872-A48A-7F20BFB9516A}.Release|Any CPU.Build.0 = Release|Any CPU
	EndGlobalSection
	GlobalSection(SolutionProperties) = preSolution
		HideSolutionNode = FALSE
	EndGlobalSection
	GlobalSection(ExtensibilityGlobals) = postSolution
		SolutionGuid = {7E1DCF9D-8227-41E5-8B75-BBEFA9878353}
	EndGlobalSection
EndGlobal
