
Microsoft Visual Studio Solution File, Format Version 12.00
# Visual Studio Version 17
VisualStudioVersion = 17.6.33801.468
MinimumVisualStudioVersion = 10.0.40219.1
Project("{FAE04EC0-301F-11D3-BF4B-00C04F79EFBC}") = "ExeciseOne", "ExeciseOne\ExeciseOne.csproj", "{BD465547-B4B8-4B77-9C29-02CC88CA6DCD}"
EndProject
Global
	GlobalSection(SolutionConfigurationPlatforms) = preSolution
		Debug|Any CPU = Debug|Any CPU
		Release|Any CPU = Release|Any CPU
	EndGlobalSection
	GlobalSection(ProjectConfigurationPlatforms) = postSolution
		{BD465547-B4B8-4B77-9C29-02CC88CA6DCD}.Debug|Any CPU.ActiveCfg = Debug|Any CPU
		{BD465547-B4B8-4B77-9C29-02CC88CA6DCD}.Debug|Any CPU.Build.0 = Debug|Any CPU
		{BD465547-B4B8-4B77-9C29-02CC88CA6DCD}.Release|Any CPU.ActiveCfg = Release|Any CPU
		{BD465547-B4B8-4B77-9C29-02CC88CA6DCD}.Release|Any CPU.Build.0 = Release|Any CPU
	EndGlobalSection
	GlobalSection(SolutionProperties) = preSolution
		HideSolutionNode = FALSE
	EndGlobalSection
	GlobalSection(ExtensibilityGlobals) = postSolution
		SolutionGuid = {A0B43647-C2E5-4E32-A0ED-7E5DAA22A898}
	EndGlobalSection
EndGlobal
